PODS:
  - CCNLaunchAtLoginItem (0.1.0)
  - CCNPreferencesWindowController-ObjC (1.4.2)
  - Crashlytics (3.8.4):
    - Fabric (~> 1.6.3)
  - Fabric (1.6.11)
  - Log (1.0)
  - MASShortcut (2.3.3)
  - Nimble (7.0.1)
  - Quick (1.1.0)
  - RxCocoa (3.5.0):
    - RxSwift (~> 3.4)
  - RxSwift (3.5.0)
  - Silica (0.1.4)
  - SwiftyJSON (3.1.4)

DEPENDENCIES:
  - CCNLaunchAtLoginItem (~> 0.1)
  - CCNPreferencesWindowController-ObjC
  - Crashlytics
  - Fabric
  - Log
  - MASShortcut (from `https://github.com/ianyh/MASShortcut`)
  - Nimble
  - Quick
  - RxCocoa
  - RxSwift
  - Silica (from `https://github.com/ianyh/Silica`, commit `a73415cd79ccee6e7c3dcb87ecf5d9889a6d85d2`)
  - SwiftyJSON

EXTERNAL SOURCES:
  MASShortcut:
    :git: https://github.com/ianyh/MASShortcut
  Silica:
    :commit: a73415cd79ccee6e7c3dcb87ecf5d9889a6d85d2
    :git: https://github.com/ianyh/Silica

CHECKOUT OPTIONS:
  MASShortcut:
    :commit: 0964e89cb52c99fb9e7a02f21127d01ca82b0c8f
    :git: https://github.com/ianyh/MASShortcut
  Silica:
    :commit: a73415cd79ccee6e7c3dcb87ecf5d9889a6d85d2
    :git: https://github.com/ianyh/Silica

SPEC CHECKSUMS:
  CCNLaunchAtLoginItem: 84638e22b5e50f861600eed9440d4a0c3d5a8f27
  CCNPreferencesWindowController-ObjC: 32dfc15ac2630ebbfa65e469d773d4dd7c51cc5d
  Crashlytics: 79e236942ca1e7fc641df1feb9a275360a78ab6a
  Fabric: 5911403591946b8228ab1c51d98f1d7137e863c6
  Log: 5e368c9528db07517d18d2d04ff5fe2b6f5a1e21
  MASShortcut: 38a76c9ea927de770c0a97ae28b15d18d6268b24
  Nimble: 657d000e11df8aebe27cdaf9d244de7f30ed87f7
  Quick: dafc587e21eed9f4cab3249b9f9015b0b7a7f71d
  RxCocoa: a0a09f45d0e5b48ecb6a4a7b4b4c89c88d3f633f
  RxSwift: 18ee9d78b45edb3b0b7e79916b47a116e6dbc842
  Silica: 8434165d6cc5f853e8434118e49bad5da85f080e
  SwiftyJSON: c2842d878f95482ffceec5709abc3d05680c0220

PODFILE CHECKSUM: 5873665375423fc043be1aa6ea8b7d8eeb5c56aa

COCOAPODS: 1.2.0.beta.3
